
Microsoft Visual Studio Solution File, Format Version 12.00
# Visual Studio Version 17
VisualStudioVersion = 17.8.34511.84
MinimumVisualStudioVersion = 10.0.40219.1
Project("{FAE04EC0-301F-11D3-BF4B-00C04F79EFBC}") = "ProgramModuleHW2", "ProgramModuleHW2\ProgramModuleHW2.csproj", "{272D9C10-885B-4080-AFE0-574473483F53}"
EndProject
Global
	GlobalSection(SolutionConfigurationPlatforms) = preSolution
		Debug|Any CPU = Debug|Any CPU
		Release|Any CPU = Release|Any CPU
	EndGlobalSection
	GlobalSection(ProjectConfigurationPlatforms) = postSolution
		{272D9C10-885B-4080-AFE0-574473483F53}.Debug|Any CPU.ActiveCfg = Debug|Any CPU
		{272D9C10-885B-4080-AFE0-574473483F53}.Debug|Any CPU.Build.0 = Debug|Any CPU
		{272D9C10-885B-4080-AFE0-574473483F53}.Release|Any CPU.ActiveCfg = Release|Any CPU
		{272D9C10-885B-4080-AFE0-574473483F53}.Release|Any CPU.Build.0 = Release|Any CPU
	EndGlobalSection
	GlobalSection(SolutionProperties) = preSolution
		HideSolutionNode = FALSE
	EndGlobalSection
	GlobalSection(ExtensibilityGlobals) = postSolution
		SolutionGuid = {21A10759-B2B1-4113-B8A1-2D017D059AE8}
	EndGlobalSection
EndGlobal
